
Microsoft Visual Studio Solution File, Format Version 12.00
# Visual Studio Version 16
VisualStudioVersion = 16.0.31613.86
MinimumVisualStudioVersion = 10.0.40219.1
Project("{9A19103F-16F7-4668-BE54-9A1E7A4F7556}") = "AssignmentClassWork", "AssignmentClassWork.csproj", "{D4EA0DDB-A157-48F2-8085-4A1377115ED8}"
EndProject
Global
	GlobalSection(SolutionConfigurationPlatforms) = preSolution
		Debug|Any CPU = Debug|Any CPU
		Release|Any CPU = Release|Any CPU
	EndGlobalSection
	GlobalSection(ProjectConfigurationPlatforms) = postSolution
		{D4EA0DDB-A157-48F2-8085-4A1377115ED8}.Debug|Any CPU.ActiveCfg = Debug|Any CPU
		{D4EA0DDB-A157-48F2-8085-4A1377115ED8}.Debug|Any CPU.Build.0 = Debug|Any CPU
		{D4EA0DDB-A157-48F2-8085-4A1377115ED8}.Release|Any CPU.ActiveCfg = Release|Any CPU
		{D4EA0DDB-A157-48F2-8085-4A1377115ED8}.Release|Any CPU.Build.0 = Release|Any CPU
	EndGlobalSection
	GlobalSection(SolutionProperties) = preSolution
		HideSolutionNode = FALSE
	EndGlobalSection
	GlobalSection(ExtensibilityGlobals) = postSolution
		SolutionGuid = {58C12729-3D81-4852-8D8D-67622F1499D1}
	EndGlobalSection
EndGlobal
