
Microsoft Visual Studio Solution File, Format Version 12.00
# Visual Studio Version 16
VisualStudioVersion = 16.0.31613.86
MinimumVisualStudioVersion = 10.0.40219.1
Project("{FAE04EC0-301F-11D3-BF4B-00C04F79EFBC}") = "ArrayOfAccount", "ArrayOfAccount\ArrayOfAccount.csproj", "{2C2FAE26-1791-42BF-ADB6-A421CE33D89E}"
EndProject
Global
	GlobalSection(SolutionConfigurationPlatforms) = preSolution
		Debug|Any CPU = Debug|Any CPU
		Release|Any CPU = Release|Any CPU
	EndGlobalSection
	GlobalSection(ProjectConfigurationPlatforms) = postSolution
		{2C2FAE26-1791-42BF-ADB6-A421CE33D89E}.Debug|Any CPU.ActiveCfg = Debug|Any CPU
		{2C2FAE26-1791-42BF-ADB6-A421CE33D89E}.Debug|Any CPU.Build.0 = Debug|Any CPU
		{2C2FAE26-1791-42BF-ADB6-A421CE33D89E}.Release|Any CPU.ActiveCfg = Release|Any CPU
		{2C2FAE26-1791-42BF-ADB6-A421CE33D89E}.Release|Any CPU.Build.0 = Release|Any CPU
	EndGlobalSection
	GlobalSection(SolutionProperties) = preSolution
		HideSolutionNode = FALSE
	EndGlobalSection
	GlobalSection(ExtensibilityGlobals) = postSolution
		SolutionGuid = {A5BBF1E5-C6D6-48F4-81DE-69480DC549C3}
	EndGlobalSection
EndGlobal
