
Microsoft Visual Studio Solution File, Format Version 12.00
# Visual Studio Version 16
VisualStudioVersion = 16.0.31613.86
MinimumVisualStudioVersion = 10.0.40219.1
Project("{FAE04EC0-301F-11D3-BF4B-00C04F79EFBC}") = "CYPizzaApplication", "CYPizzaApplication\CYPizzaApplication.csproj", "{B7E43060-53FF-4BE9-AA7E-6BE6FCCA1856}"
EndProject
Global
	GlobalSection(SolutionConfigurationPlatforms) = preSolution
		Debug|Any CPU = Debug|Any CPU
		Release|Any CPU = Release|Any CPU
	EndGlobalSection
	GlobalSection(ProjectConfigurationPlatforms) = postSolution
		{B7E43060-53FF-4BE9-AA7E-6BE6FCCA1856}.Debug|Any CPU.ActiveCfg = Debug|Any CPU
		{B7E43060-53FF-4BE9-AA7E-6BE6FCCA1856}.Debug|Any CPU.Build.0 = Debug|Any CPU
		{B7E43060-53FF-4BE9-AA7E-6BE6FCCA1856}.Release|Any CPU.ActiveCfg = Release|Any CPU
		{B7E43060-53FF-4BE9-AA7E-6BE6FCCA1856}.Release|Any CPU.Build.0 = Release|Any CPU
	EndGlobalSection
	GlobalSection(SolutionProperties) = preSolution
		HideSolutionNode = FALSE
	EndGlobalSection
	GlobalSection(ExtensibilityGlobals) = postSolution
		SolutionGuid = {2FB7F664-956F-4689-AF3B-BFE0B073D215}
	EndGlobalSection
EndGlobal
