
Microsoft Visual Studio Solution File, Format Version 12.00
# Visual Studio Version 16
VisualStudioVersion = 16.0.31613.86
MinimumVisualStudioVersion = 10.0.40219.1
Project("{FAE04EC0-301F-11D3-BF4B-00C04F79EFBC}") = "ConsumeAPIApplication", "ConsumeAPIApplication\ConsumeAPIApplication.csproj", "{99AFC3E2-91E9-4021-87EF-9138D7460E5A}"
EndProject
Global
	GlobalSection(SolutionConfigurationPlatforms) = preSolution
		Debug|Any CPU = Debug|Any CPU
		Release|Any CPU = Release|Any CPU
	EndGlobalSection
	GlobalSection(ProjectConfigurationPlatforms) = postSolution
		{99AFC3E2-91E9-4021-87EF-9138D7460E5A}.Debug|Any CPU.ActiveCfg = Debug|Any CPU
		{99AFC3E2-91E9-4021-87EF-9138D7460E5A}.Debug|Any CPU.Build.0 = Debug|Any CPU
		{99AFC3E2-91E9-4021-87EF-9138D7460E5A}.Release|Any CPU.ActiveCfg = Release|Any CPU
		{99AFC3E2-91E9-4021-87EF-9138D7460E5A}.Release|Any CPU.Build.0 = Release|Any CPU
	EndGlobalSection
	GlobalSection(SolutionProperties) = preSolution
		HideSolutionNode = FALSE
	EndGlobalSection
	GlobalSection(ExtensibilityGlobals) = postSolution
		SolutionGuid = {D14418D3-1CD7-4484-922E-A73FAAC0C3CC}
	EndGlobalSection
EndGlobal
