
Microsoft Visual Studio Solution File, Format Version 12.00
# Visual Studio Version 16
VisualStudioVersion = 16.0.31613.86
MinimumVisualStudioVersion = 10.0.40219.1
Project("{FAE04EC0-301F-11D3-BF4B-00C04F79EFBC}") = "LoginMVC", "LoginMVC\LoginMVC.csproj", "{2487BE8C-C164-400E-8359-19AD82A8C0BD}"
EndProject
Global
	GlobalSection(SolutionConfigurationPlatforms) = preSolution
		Debug|Any CPU = Debug|Any CPU
		Release|Any CPU = Release|Any CPU
	EndGlobalSection
	GlobalSection(ProjectConfigurationPlatforms) = postSolution
		{2487BE8C-C164-400E-8359-19AD82A8C0BD}.Debug|Any CPU.ActiveCfg = Debug|Any CPU
		{2487BE8C-C164-400E-8359-19AD82A8C0BD}.Debug|Any CPU.Build.0 = Debug|Any CPU
		{2487BE8C-C164-400E-8359-19AD82A8C0BD}.Release|Any CPU.ActiveCfg = Release|Any CPU
		{2487BE8C-C164-400E-8359-19AD82A8C0BD}.Release|Any CPU.Build.0 = Release|Any CPU
	EndGlobalSection
	GlobalSection(SolutionProperties) = preSolution
		HideSolutionNode = FALSE
	EndGlobalSection
	GlobalSection(ExtensibilityGlobals) = postSolution
		SolutionGuid = {8008A094-C0B8-43D7-9CEF-D459835B79C3}
	EndGlobalSection
EndGlobal
