
Microsoft Visual Studio Solution File, Format Version 12.00
# Visual Studio Version 16
VisualStudioVersion = 16.0.31613.86
MinimumVisualStudioVersion = 10.0.40219.1
Project("{FAE04EC0-301F-11D3-BF4B-00C04F79EFBC}") = "CodeFirstApproach", "CodeFirstApproach\CodeFirstApproach.csproj", "{ED9FA415-7534-4904-94D2-39B342AB6629}"
EndProject
Global
	GlobalSection(SolutionConfigurationPlatforms) = preSolution
		Debug|Any CPU = Debug|Any CPU
		Release|Any CPU = Release|Any CPU
	EndGlobalSection
	GlobalSection(ProjectConfigurationPlatforms) = postSolution
		{ED9FA415-7534-4904-94D2-39B342AB6629}.Debug|Any CPU.ActiveCfg = Debug|Any CPU
		{ED9FA415-7534-4904-94D2-39B342AB6629}.Debug|Any CPU.Build.0 = Debug|Any CPU
		{ED9FA415-7534-4904-94D2-39B342AB6629}.Release|Any CPU.ActiveCfg = Release|Any CPU
		{ED9FA415-7534-4904-94D2-39B342AB6629}.Release|Any CPU.Build.0 = Release|Any CPU
	EndGlobalSection
	GlobalSection(SolutionProperties) = preSolution
		HideSolutionNode = FALSE
	EndGlobalSection
	GlobalSection(ExtensibilityGlobals) = postSolution
		SolutionGuid = {653DBD71-F033-4BDA-A877-BD3D414C2E95}
	EndGlobalSection
EndGlobal
