
Microsoft Visual Studio Solution File, Format Version 12.00
# Visual Studio Version 16
VisualStudioVersion = 16.0.31613.86
MinimumVisualStudioVersion = 10.0.40219.1
Project("{FAE04EC0-301F-11D3-BF4B-00C04F79EFBC}") = "WordGameV1", "WordGameV1\WordGameV1.csproj", "{8427AEE7-4175-4840-8A5A-10A7A5E6B385}"
EndProject
Global
	GlobalSection(SolutionConfigurationPlatforms) = preSolution
		Debug|Any CPU = Debug|Any CPU
		Release|Any CPU = Release|Any CPU
	EndGlobalSection
	GlobalSection(ProjectConfigurationPlatforms) = postSolution
		{8427AEE7-4175-4840-8A5A-10A7A5E6B385}.Debug|Any CPU.ActiveCfg = Debug|Any CPU
		{8427AEE7-4175-4840-8A5A-10A7A5E6B385}.Debug|Any CPU.Build.0 = Debug|Any CPU
		{8427AEE7-4175-4840-8A5A-10A7A5E6B385}.Release|Any CPU.ActiveCfg = Release|Any CPU
		{8427AEE7-4175-4840-8A5A-10A7A5E6B385}.Release|Any CPU.Build.0 = Release|Any CPU
	EndGlobalSection
	GlobalSection(SolutionProperties) = preSolution
		HideSolutionNode = FALSE
	EndGlobalSection
	GlobalSection(ExtensibilityGlobals) = postSolution
		SolutionGuid = {14AA11C9-F483-49FE-AAFC-CA70E848ACDE}
	EndGlobalSection
EndGlobal
