
Microsoft Visual Studio Solution File, Format Version 12.00
# Visual Studio Version 16
VisualStudioVersion = 16.0.31613.86
MinimumVisualStudioVersion = 10.0.40219.1
Project("{FAE04EC0-301F-11D3-BF4B-00C04F79EFBC}") = "ThreadingExample", "ThreadingExample\ThreadingExample.csproj", "{32731824-F6FE-41CE-B361-EC0C9729A1DD}"
EndProject
Global
	GlobalSection(SolutionConfigurationPlatforms) = preSolution
		Debug|Any CPU = Debug|Any CPU
		Release|Any CPU = Release|Any CPU
	EndGlobalSection
	GlobalSection(ProjectConfigurationPlatforms) = postSolution
		{32731824-F6FE-41CE-B361-EC0C9729A1DD}.Debug|Any CPU.ActiveCfg = Debug|Any CPU
		{32731824-F6FE-41CE-B361-EC0C9729A1DD}.Debug|Any CPU.Build.0 = Debug|Any CPU
		{32731824-F6FE-41CE-B361-EC0C9729A1DD}.Release|Any CPU.ActiveCfg = Release|Any CPU
		{32731824-F6FE-41CE-B361-EC0C9729A1DD}.Release|Any CPU.Build.0 = Release|Any CPU
	EndGlobalSection
	GlobalSection(SolutionProperties) = preSolution
		HideSolutionNode = FALSE
	EndGlobalSection
	GlobalSection(ExtensibilityGlobals) = postSolution
		SolutionGuid = {34BBDC51-AE88-47B3-A88B-6AECBA25723C}
	EndGlobalSection
EndGlobal
